// !$*UTF8*$!
{
	archiveVersion = 1;
	classes = {
	};
	objectVersion = 51;
	objects = {

/* Begin PBXBuildFile section */
		1540D2E023AB2C8A009F6B10 /* ChatViewController.swift in Sources */ = {isa = PBXBuildFile; fileRef = 1540D2DF23AB2C8A009F6B10 /* ChatViewController.swift */; };
		1540D2E223AB3060009F6B10 /* Constants.swift in Sources */ = {isa = PBXBuildFile; fileRef = 1540D2E123AB3060009F6B10 /* Constants.swift */; };
		1540D2E423AB36C4009F6B10 /* Messgae.swift in Sources */ = {isa = PBXBuildFile; fileRef = 1540D2E323AB36C4009F6B10 /* Messgae.swift */; };
		1540D2EB23AB506E009F6B10 /* MessageCell.swift in Sources */ = {isa = PBXBuildFile; fileRef = 1540D2E923AB506D009F6B10 /* MessageCell.swift */; };
		1540D2EC23AB506E009F6B10 /* MessageCell.xib in Resources */ = {isa = PBXBuildFile; fileRef = 1540D2EA23AB506D009F6B10 /* MessageCell.xib */; };
		15A1745923A8843A00B35793 /* RegisterViewController.swift in Sources */ = {isa = PBXBuildFile; fileRef = 15A1745823A8843A00B35793 /* RegisterViewController.swift */; };
		15A1745B23A8848B00B35793 /* LoginViewController.swift in Sources */ = {isa = PBXBuildFile; fileRef = 15A1745A23A8848B00B35793 /* LoginViewController.swift */; };
		15A1745D23A8B12400B35793 /* GoogleService-Info.plist in Resources */ = {isa = PBXBuildFile; fileRef = 15A1745C23A8B12400B35793 /* GoogleService-Info.plist */; };
		15E6A9E723A77B62003BA0C6 /* AppDelegate.swift in Sources */ = {isa = PBXBuildFile; fileRef = 15E6A9E623A77B62003BA0C6 /* AppDelegate.swift */; };
		15E6A9E923A77B62003BA0C6 /* ViewController.swift in Sources */ = {isa = PBXBuildFile; fileRef = 15E6A9E823A77B62003BA0C6 /* ViewController.swift */; };
		15E6A9EC23A77B62003BA0C6 /* Main.storyboard in Resources */ = {isa = PBXBuildFile; fileRef = 15E6A9EA23A77B62003BA0C6 /* Main.storyboard */; };
		15E6A9EE23A77B63003BA0C6 /* Assets.xcassets in Resources */ = {isa = PBXBuildFile; fileRef = 15E6A9ED23A77B63003BA0C6 /* Assets.xcassets */; };
		15E6A9F123A77B63003BA0C6 /* LaunchScreen.storyboard in Resources */ = {isa = PBXBuildFile; fileRef = 15E6A9EF23A77B63003BA0C6 /* LaunchScreen.storyboard */; };
		15E6A9FC23A77B63003BA0C6 /* MyChatTests.swift in Sources */ = {isa = PBXBuildFile; fileRef = 15E6A9FB23A77B63003BA0C6 /* MyChatTests.swift */; };
		15E6AA0723A77B63003BA0C6 /* MyChatUITests.swift in Sources */ = {isa = PBXBuildFile; fileRef = 15E6AA0623A77B63003BA0C6 /* MyChatUITests.swift */; };
		A4C38ED786C18CC3CE6FDBFE /* Pods_MyChat.framework in Frameworks */ = {isa = PBXBuildFile; fileRef = E82107790F830C0D85D2AC9C /* Pods_MyChat.framework */; };
/* End PBXBuildFile section */

/* Begin PBXContainerItemProxy section */
		15E6A9F823A77B63003BA0C6 /* PBXContainerItemProxy */ = {
			isa = PBXContainerItemProxy;
			containerPortal = 15E6A9DB23A77B62003BA0C6 /* Project object */;
			proxyType = 1;
			remoteGlobalIDString = 15E6A9E223A77B62003BA0C6;
			remoteInfo = MyChat;
		};
		15E6AA0323A77B63003BA0C6 /* PBXContainerItemProxy */ = {
			isa = PBXContainerItemProxy;
			containerPortal = 15E6A9DB23A77B62003BA0C6 /* Project object */;
			proxyType = 1;
			remoteGlobalIDString = 15E6A9E223A77B62003BA0C6;
			remoteInfo = MyChat;
		};
/* End PBXContainerItemProxy section */

/* Begin PBXFileReference section */
		1540D2DF23AB2C8A009F6B10 /* ChatViewController.swift */ = {isa = PBXFileReference; lastKnownFileType = sourcecode.swift; path = ChatViewController.swift; sourceTree = "<group>"; };
		1540D2E123AB3060009F6B10 /* Constants.swift */ = {isa = PBXFileReference; lastKnownFileType = sourcecode.swift; path = Constants.swift; sourceTree = "<group>"; };
		1540D2E323AB36C4009F6B10 /* Messgae.swift */ = {isa = PBXFileReference; lastKnownFileType = sourcecode.swift; path = Messgae.swift; sourceTree = "<group>"; };
		1540D2E923AB506D009F6B10 /* MessageCell.swift */ = {isa = PBXFileReference; lastKnownFileType = sourcecode.swift; path = MessageCell.swift; sourceTree = "<group>"; };
		1540D2EA23AB506D009F6B10 /* MessageCell.xib */ = {isa = PBXFileReference; lastKnownFileType = file.xib; path = MessageCell.xib; sourceTree = "<group>"; };
		15A1745823A8843A00B35793 /* RegisterViewController.swift */ = {isa = PBXFileReference; lastKnownFileType = sourcecode.swift; path = RegisterViewController.swift; sourceTree = "<group>"; };
		15A1745A23A8848B00B35793 /* LoginViewController.swift */ = {isa = PBXFileReference; lastKnownFileType = sourcecode.swift; path = LoginViewController.swift; sourceTree = "<group>"; };
		15A1745C23A8B12400B35793 /* GoogleService-Info.plist */ = {isa = PBXFileReference; fileEncoding = 4; lastKnownFileType = text.plist.xml; name = "GoogleService-Info.plist"; path = "../../../Downloads/GoogleService-Info.plist"; sourceTree = "<group>"; };
		15E6A9E323A77B62003BA0C6 /* MyChat.app */ = {isa = PBXFileReference; explicitFileType = wrapper.application; includeInIndex = 0; path = MyChat.app; sourceTree = BUILT_PRODUCTS_DIR; };
		15E6A9E623A77B62003BA0C6 /* AppDelegate.swift */ = {isa = PBXFileReference; lastKnownFileType = sourcecode.swift; path = AppDelegate.swift; sourceTree = "<group>"; };
		15E6A9E823A77B62003BA0C6 /* ViewController.swift */ = {isa = PBXFileReference; lastKnownFileType = sourcecode.swift; path = ViewController.swift; sourceTree = "<group>"; };
		15E6A9EB23A77B62003BA0C6 /* Base */ = {isa = PBXFileReference; lastKnownFileType = file.storyboard; name = Base; path = Base.lproj/Main.storyboard; sourceTree = "<group>"; };
		15E6A9ED23A77B63003BA0C6 /* Assets.xcassets */ = {isa = PBXFileReference; lastKnownFileType = folder.assetcatalog; path = Assets.xcassets; sourceTree = "<group>"; };
		15E6A9F023A77B63003BA0C6 /* Base */ = {isa = PBXFileReference; lastKnownFileType = file.storyboard; name = Base; path = Base.lproj/LaunchScreen.storyboard; sourceTree = "<group>"; };
		15E6A9F223A77B63003BA0C6 /* Info.plist */ = {isa = PBXFileReference; lastKnownFileType = text.plist.xml; path = Info.plist; sourceTree = "<group>"; };
		15E6A9F723A77B63003BA0C6 /* MyChatTests.xctest */ = {isa = PBXFileReference; explicitFileType = wrapper.cfbundle; includeInIndex = 0; path = MyChatTests.xctest; sourceTree = BUILT_PRODUCTS_DIR; };
		15E6A9FB23A77B63003BA0C6 /* MyChatTests.swift */ = {isa = PBXFileReference; lastKnownFileType = sourcecode.swift; path = MyChatTests.swift; sourceTree = "<group>"; };
		15E6A9FD23A77B63003BA0C6 /* Info.plist */ = {isa = PBXFileReference; lastKnownFileType = text.plist.xml; path = Info.plist; sourceTree = "<group>"; };
		15E6AA0223A77B63003BA0C6 /* MyChatUITests.xctest */ = {isa = PBXFileReference; explicitFileType = wrapper.cfbundle; includeInIndex = 0; path = MyChatUITests.xctest; sourceTree = BUILT_PRODUCTS_DIR; };
		15E6AA0623A77B63003BA0C6 /* MyChatUITests.swift */ = {isa = PBXFileReference; lastKnownFileType = sourcecode.swift; path = MyChatUITests.swift; sourceTree = "<group>"; };
		15E6AA0823A77B63003BA0C6 /* Info.plist */ = {isa = PBXFileReference; lastKnownFileType = text.plist.xml; path = Info.plist; sourceTree = "<group>"; };
		21123132ACEFC85D582202F2 /* Pods-MyChat.release.xcconfig */ = {isa = PBXFileReference; includeInIndex = 1; lastKnownFileType = text.xcconfig; name = "Pods-MyChat.release.xcconfig"; path = "Target Support Files/Pods-MyChat/Pods-MyChat.release.xcconfig"; sourceTree = "<group>"; };
		D225D9F4AFE2F353C59F5470 /* Pods-MyChat.debug.xcconfig */ = {isa = PBXFileReference; includeInIndex = 1; lastKnownFileType = text.xcconfig; name = "Pods-MyChat.debug.xcconfig"; path = "Target Support Files/Pods-MyChat/Pods-MyChat.debug.xcconfig"; sourceTree = "<group>"; };
		E82107790F830C0D85D2AC9C /* Pods_MyChat.framework */ = {isa = PBXFileReference; explicitFileType = wrapper.framework; includeInIndex = 0; path = Pods_MyChat.framework; sourceTree = BUILT_PRODUCTS_DIR; };
/* End PBXFileReference section */

/* Begin PBXFrameworksBuildPhase section */
		15E6A9E023A77B62003BA0C6 /* Frameworks */ = {
			isa = PBXFrameworksBuildPhase;
			buildActionMask = 2147483647;
			files = (
				A4C38ED786C18CC3CE6FDBFE /* Pods_MyChat.framework in Frameworks */,
			);
			runOnlyForDeploymentPostprocessing = 0;
		};
		15E6A9F423A77B63003BA0C6 /* Frameworks */ = {
			isa = PBXFrameworksBuildPhase;
			buildActionMask = 2147483647;
			files = (
			);
			runOnlyForDeploymentPostprocessing = 0;
		};
		15E6A9FF23A77B63003BA0C6 /* Frameworks */ = {
			isa = PBXFrameworksBuildPhase;
			buildActionMask = 2147483647;
			files = (
			);
			runOnlyForDeploymentPostprocessing = 0;
		};
/* End PBXFrameworksBuildPhase section */

/* Begin PBXGroup section */
		15E6A9DA23A77B62003BA0C6 = {
			isa = PBXGroup;
			children = (
				15E6A9E523A77B62003BA0C6 /* MyChat */,
				15E6A9FA23A77B63003BA0C6 /* MyChatTests */,
				15E6AA0523A77B63003BA0C6 /* MyChatUITests */,
				15E6A9E423A77B62003BA0C6 /* Products */,
				2D2B9EF1E04AE5D31949C732 /* Pods */,
				65512B1FA74F15DE604F4273 /* Frameworks */,
			);
			sourceTree = "<group>";
		};
		15E6A9E423A77B62003BA0C6 /* Products */ = {
			isa = PBXGroup;
			children = (
				15E6A9E323A77B62003BA0C6 /* MyChat.app */,
				15E6A9F723A77B63003BA0C6 /* MyChatTests.xctest */,
				15E6AA0223A77B63003BA0C6 /* MyChatUITests.xctest */,
			);
			name = Products;
			sourceTree = "<group>";
		};
		15E6A9E523A77B62003BA0C6 /* MyChat */ = {
			isa = PBXGroup;
			children = (
				15E6AA1723A77FCB003BA0C6 /* Models */,
				15E6AA1623A77FBE003BA0C6 /* Controllers */,
				15E6AA1423A77F9E003BA0C6 /* Views */,
				15E6A9E623A77B62003BA0C6 /* AppDelegate.swift */,
				15E6A9ED23A77B63003BA0C6 /* Assets.xcassets */,
				15E6A9EF23A77B63003BA0C6 /* LaunchScreen.storyboard */,
				15E6A9F223A77B63003BA0C6 /* Info.plist */,
				15A1745C23A8B12400B35793 /* GoogleService-Info.plist */,
				1540D2E123AB3060009F6B10 /* Constants.swift */,
			);
			path = MyChat;
			sourceTree = "<group>";
		};
		15E6A9FA23A77B63003BA0C6 /* MyChatTests */ = {
			isa = PBXGroup;
			children = (
				15E6A9FB23A77B63003BA0C6 /* MyChatTests.swift */,
				15E6A9FD23A77B63003BA0C6 /* Info.plist */,
			);
			path = MyChatTests;
			sourceTree = "<group>";
		};
		15E6AA0523A77B63003BA0C6 /* MyChatUITests */ = {
			isa = PBXGroup;
			children = (
				15E6AA0623A77B63003BA0C6 /* MyChatUITests.swift */,
				15E6AA0823A77B63003BA0C6 /* Info.plist */,
			);
			path = MyChatUITests;
			sourceTree = "<group>";
		};
		15E6AA1423A77F9E003BA0C6 /* Views */ = {
			isa = PBXGroup;
			children = (
				15E6A9EA23A77B62003BA0C6 /* Main.storyboard */,
				1540D2E923AB506D009F6B10 /* MessageCell.swift */,
				1540D2EA23AB506D009F6B10 /* MessageCell.xib */,
			);
			path = Views;
			sourceTree = "<group>";
		};
		15E6AA1623A77FBE003BA0C6 /* Controllers */ = {
			isa = PBXGroup;
			children = (
				15E6A9E823A77B62003BA0C6 /* ViewController.swift */,
				15A1745823A8843A00B35793 /* RegisterViewController.swift */,
				15A1745A23A8848B00B35793 /* LoginViewController.swift */,
				1540D2DF23AB2C8A009F6B10 /* ChatViewController.swift */,
			);
			path = Controllers;
			sourceTree = "<group>";
		};
		15E6AA1723A77FCB003BA0C6 /* Models */ = {
			isa = PBXGroup;
			children = (
				1540D2E323AB36C4009F6B10 /* Messgae.swift */,
			);
			path = Models;
			sourceTree = "<group>";
		};
		2D2B9EF1E04AE5D31949C732 /* Pods */ = {
			isa = PBXGroup;
			children = (
				D225D9F4AFE2F353C59F5470 /* Pods-MyChat.debug.xcconfig */,
				21123132ACEFC85D582202F2 /* Pods-MyChat.release.xcconfig */,
			);
			path = Pods;
			sourceTree = "<group>";
		};
		65512B1FA74F15DE604F4273 /* Frameworks */ = {
			isa = PBXGroup;
			children = (
				E82107790F830C0D85D2AC9C /* Pods_MyChat.framework */,
			);
			name = Frameworks;
			sourceTree = "<group>";
		};
/* End PBXGroup section */

/* Begin PBXNativeTarget section */
		15E6A9E223A77B62003BA0C6 /* MyChat */ = {
			isa = PBXNativeTarget;
			buildConfigurationList = 15E6AA0B23A77B63003BA0C6 /* Build configuration list for PBXNativeTarget "MyChat" */;
			buildPhases = (
				92E8F0AC625006462A2BF654 /* [CP] Check Pods Manifest.lock */,
				15E6A9DF23A77B62003BA0C6 /* Sources */,
				15E6A9E023A77B62003BA0C6 /* Frameworks */,
				15E6A9E123A77B62003BA0C6 /* Resources */,
				1829DAD45284ECDFAFD687FA /* [CP] Embed Pods Frameworks */,
			);
			buildRules = (
			);
			dependencies = (
			);
			name = MyChat;
			productName = MyChat;
			productReference = 15E6A9E323A77B62003BA0C6 /* MyChat.app */;
			productType = "com.apple.product-type.application";
		};
		15E6A9F623A77B63003BA0C6 /* MyChatTests */ = {
			isa = PBXNativeTarget;
			buildConfigurationList = 15E6AA0E23A77B63003BA0C6 /* Build configuration list for PBXNativeTarget "MyChatTests" */;
			buildPhases = (
				15E6A9F323A77B63003BA0C6 /* Sources */,
				15E6A9F423A77B63003BA0C6 /* Frameworks */,
				15E6A9F523A77B63003BA0C6 /* Resources */,
			);
			buildRules = (
			);
			dependencies = (
				15E6A9F923A77B63003BA0C6 /* PBXTargetDependency */,
			);
			name = MyChatTests;
			productName = MyChatTests;
			productReference = 15E6A9F723A77B63003BA0C6 /* MyChatTests.xctest */;
			productType = "com.apple.product-type.bundle.unit-test";
		};
		15E6AA0123A77B63003BA0C6 /* MyChatUITests */ = {
			isa = PBXNativeTarget;
			buildConfigurationList = 15E6AA1123A77B63003BA0C6 /* Build configuration list for PBXNativeTarget "MyChatUITests" */;
			buildPhases = (
				15E6A9FE23A77B63003BA0C6 /* Sources */,
				15E6A9FF23A77B63003BA0C6 /* Frameworks */,
				15E6AA0023A77B63003BA0C6 /* Resources */,
			);
			buildRules = (
			);
			dependencies = (
				15E6AA0423A77B63003BA0C6 /* PBXTargetDependency */,
			);
			name = MyChatUITests;
			productName = MyChatUITests;
			productReference = 15E6AA0223A77B63003BA0C6 /* MyChatUITests.xctest */;
			productType = "com.apple.product-type.bundle.ui-testing";
		};
/* End PBXNativeTarget section */

/* Begin PBXProject section */
		15E6A9DB23A77B62003BA0C6 /* Project object */ = {
			isa = PBXProject;
			attributes = {
				LastSwiftUpdateCheck = 0940;
				LastUpgradeCheck = 0940;
				ORGANIZATIONNAME = "Dwi Bonggo Pribadi";
				TargetAttributes = {
					15E6A9E223A77B62003BA0C6 = {
						CreatedOnToolsVersion = 9.4.1;
					};
					15E6A9F623A77B63003BA0C6 = {
						CreatedOnToolsVersion = 9.4.1;
						TestTargetID = 15E6A9E223A77B62003BA0C6;
					};
					15E6AA0123A77B63003BA0C6 = {
						CreatedOnToolsVersion = 9.4.1;
						TestTargetID = 15E6A9E223A77B62003BA0C6;
					};
				};
			};
			buildConfigurationList = 15E6A9DE23A77B62003BA0C6 /* Build configuration list for PBXProject "MyChat" */;
			compatibilityVersion = "Xcode 9.3";
			developmentRegion = en;
			hasScannedForEncodings = 0;
			knownRegions = (
				en,
				Base,
			);
			mainGroup = 15E6A9DA23A77B62003BA0C6;
			productRefGroup = 15E6A9E423A77B62003BA0C6 /* Products */;
			projectDirPath = "";
			projectRoot = "";
			targets = (
				15E6A9E223A77B62003BA0C6 /* MyChat */,
				15E6A9F623A77B63003BA0C6 /* MyChatTests */,
				15E6AA0123A77B63003BA0C6 /* MyChatUITests */,
			);
		};
/* End PBXProject section */

/* Begin PBXResourcesBuildPhase section */
		15E6A9E123A77B62003BA0C6 /* Resources */ = {
			isa = PBXResourcesBuildPhase;
			buildActionMask = 2147483647;
			files = (
				1540D2EC23AB506E009F6B10 /* MessageCell.xib in Resources */,
				15E6A9F123A77B63003BA0C6 /* LaunchScreen.storyboard in Resources */,
				15A1745D23A8B12400B35793 /* GoogleService-Info.plist in Resources */,
				15E6A9EE23A77B63003BA0C6 /* Assets.xcassets in Resources */,
				15E6A9EC23A77B62003BA0C6 /* Main.storyboard in Resources */,
			);
			runOnlyForDeploymentPostprocessing = 0;
		};
		15E6A9F523A77B63003BA0C6 /* Resources */ = {
			isa = PBXResourcesBuildPhase;
			buildActionMask = 2147483647;
			files = (
			);
			runOnlyForDeploymentPostprocessing = 0;
		};
		15E6AA0023A77B63003BA0C6 /* Resources */ = {
			isa = PBXResourcesBuildPhase;
			buildActionMask = 2147483647;
			files = (
			);
			runOnlyForDeploymentPostprocessing = 0;
		};
/* End PBXResourcesBuildPhase section */

/* Begin PBXShellScriptBuildPhase section */
		1829DAD45284ECDFAFD687FA /* [CP] Embed Pods Frameworks */ = {
			isa = PBXShellScriptBuildPhase;
			buildActionMask = 2147483647;
			files = (
			);
			inputFileListPaths = (
				"${PODS_ROOT}/Target Support Files/Pods-MyChat/Pods-MyChat-frameworks-${CONFIGURATION}-input-files.xcfilelist",
			);
			name = "[CP] Embed Pods Frameworks";
			outputFileListPaths = (
				"${PODS_ROOT}/Target Support Files/Pods-MyChat/Pods-MyChat-frameworks-${CONFIGURATION}-output-files.xcfilelist",
			);
			runOnlyForDeploymentPostprocessing = 0;
			shellPath = /bin/sh;
			shellScript = "\"${PODS_ROOT}/Target Support Files/Pods-MyChat/Pods-MyChat-frameworks.sh\"\n";
			showEnvVarsInLog = 0;
		};
		92E8F0AC625006462A2BF654 /* [CP] Check Pods Manifest.lock */ = {
			isa = PBXShellScriptBuildPhase;
			buildActionMask = 2147483647;
			files = (
			);
			inputFileListPaths = (
			);
			inputPaths = (
				"${PODS_PODFILE_DIR_PATH}/Podfile.lock",
				"${PODS_ROOT}/Manifest.lock",
			);
			name = "[CP] Check Pods Manifest.lock";
			outputFileListPaths = (
			);
			outputPaths = (
				"$(DERIVED_FILE_DIR)/Pods-MyChat-checkManifestLockResult.txt",
			);
			runOnlyForDeploymentPostprocessing = 0;
			shellPath = /bin/sh;
			shellScript = "diff \"${PODS_PODFILE_DIR_PATH}/Podfile.lock\" \"${PODS_ROOT}/Manifest.lock\" > /dev/null\nif [ $? != 0 ] ; then\n    # print error to STDERR\n    echo \"error: The sandbox is not in sync with the Podfile.lock. Run 'pod install' or update your CocoaPods installation.\" >&2\n    exit 1\nfi\n# This output is used by Xcode 'outputs' to avoid re-running this script phase.\necho \"SUCCESS\" > \"${SCRIPT_OUTPUT_FILE_0}\"\n";
			showEnvVarsInLog = 0;
		};
/* End PBXShellScriptBuildPhase section */

/* Begin PBXSourcesBuildPhase section */
		15E6A9DF23A77B62003BA0C6 /* Sources */ = {
			isa = PBXSourcesBuildPhase;
			buildActionMask = 2147483647;
			files = (
				1540D2E423AB36C4009F6B10 /* Messgae.swift in Sources */,
				1540D2EB23AB506E009F6B10 /* MessageCell.swift in Sources */,
				15A1745B23A8848B00B35793 /* LoginViewController.swift in Sources */,
				15A1745923A8843A00B35793 /* RegisterViewController.swift in Sources */,
				15E6A9E923A77B62003BA0C6 /* ViewController.swift in Sources */,
				1540D2E023AB2C8A009F6B10 /* ChatViewController.swift in Sources */,
				15E6A9E723A77B62003BA0C6 /* AppDelegate.swift in Sources */,
				1540D2E223AB3060009F6B10 /* Constants.swift in Sources */,
			);
			runOnlyForDeploymentPostprocessing = 0;
		};
		15E6A9F323A77B63003BA0C6 /* Sources */ = {
			isa = PBXSourcesBuildPhase;
			buildActionMask = 2147483647;
			files = (
				15E6A9FC23A77B63003BA0C6 /* MyChatTests.swift in Sources */,
			);
			runOnlyForDeploymentPostprocessing = 0;
		};
		15E6A9FE23A77B63003BA0C6 /* Sources */ = {
			isa = PBXSourcesBuildPhase;
			buildActionMask = 2147483647;
			files = (
				15E6AA0723A77B63003BA0C6 /* MyChatUITests.swift in Sources */,
			);
			runOnlyForDeploymentPostprocessing = 0;
		};
/* End PBXSourcesBuildPhase section */

/* Begin PBXTargetDependency section */
		15E6A9F923A77B63003BA0C6 /* PBXTargetDependency */ = {
			isa = PBXTargetDependency;
			target = 15E6A9E223A77B62003BA0C6 /* MyChat */;
			targetProxy = 15E6A9F823A77B63003BA0C6 /* PBXContainerItemProxy */;
		};
		15E6AA0423A77B63003BA0C6 /* PBXTargetDependency */ = {
			isa = PBXTargetDependency;
			target = 15E6A9E223A77B62003BA0C6 /* MyChat */;
			targetProxy = 15E6AA0323A77B63003BA0C6 /* PBXContainerItemProxy */;
		};
/* End PBXTargetDependency section */

/* Begin PBXVariantGroup section */
		15E6A9EA23A77B62003BA0C6 /* Main.storyboard */ = {
			isa = PBXVariantGroup;
			children = (
				15E6A9EB23A77B62003BA0C6 /* Base */,
			);
			name = Main.storyboard;
			sourceTree = "<group>";
		};
		15E6A9EF23A77B63003BA0C6 /* LaunchScreen.storyboard */ = {
			isa = PBXVariantGroup;
			children = (
				15E6A9F023A77B63003BA0C6 /* Base */,
			);
			name = LaunchScreen.storyboard;
			sourceTree = "<group>";
		};
/* End PBXVariantGroup section */

/* Begin XCBuildConfiguration section */
		15E6AA0923A77B63003BA0C6 /* Debug */ = {
			isa = XCBuildConfiguration;
			buildSettings = {
				ALWAYS_SEARCH_USER_PATHS = NO;
				CLANG_ANALYZER_NONNULL = YES;
				CLANG_ANALYZER_NUMBER_OBJECT_CONVERSION = YES_AGGRESSIVE;
				CLANG_CXX_LANGUAGE_STANDARD = "gnu++14";
				CLANG_CXX_LIBRARY = "libc++";
				CLANG_ENABLE_MODULES = YES;
				CLANG_ENABLE_OBJC_ARC = YES;
				CLANG_ENABLE_OBJC_WEAK = YES;
				CLANG_WARN_BLOCK_CAPTURE_AUTORELEASING = YES;
				CLANG_WARN_BOOL_CONVERSION = YES;
				CLANG_WARN_COMMA = YES;
				CLANG_WARN_CONSTANT_CONVERSION = YES;
				CLANG_WARN_DEPRECATED_OBJC_IMPLEMENTATIONS = YES;
				CLANG_WARN_DIRECT_OBJC_ISA_USAGE = YES_ERROR;
				CLANG_WARN_DOCUMENTATION_COMMENTS = YES;
				CLANG_WARN_EMPTY_BODY = YES;
				CLANG_WARN_ENUM_CONVERSION = YES;
				CLANG_WARN_INFINITE_RECURSION = YES;
				CLANG_WARN_INT_CONVERSION = YES;
				CLANG_WARN_NON_LITERAL_NULL_CONVERSION = YES;
				CLANG_WARN_OBJC_IMPLICIT_RETAIN_SELF = YES;
				CLANG_WARN_OBJC_LITERAL_CONVERSION = YES;
				CLANG_WARN_OBJC_ROOT_CLASS = YES_ERROR;
				CLANG_WARN_RANGE_LOOP_ANALYSIS = YES;
				CLANG_WARN_STRICT_PROTOTYPES = YES;
				CLANG_WARN_SUSPICIOUS_MOVE = YES;
				CLANG_WARN_UNGUARDED_AVAILABILITY = YES_AGGRESSIVE;
				CLANG_WARN_UNREACHABLE_CODE = YES;
				CLANG_WARN__DUPLICATE_METHOD_MATCH = YES;
				CODE_SIGN_IDENTITY = "iPhone Developer";
				COPY_PHASE_STRIP = NO;
				DEBUG_INFORMATION_FORMAT = dwarf;
				ENABLE_STRICT_OBJC_MSGSEND = YES;
				ENABLE_TESTABILITY = YES;
				GCC_C_LANGUAGE_STANDARD = gnu11;
				GCC_DYNAMIC_NO_PIC = NO;
				GCC_NO_COMMON_BLOCKS = YES;
				GCC_OPTIMIZATION_LEVEL = 0;
				GCC_PREPROCESSOR_DEFINITIONS = (
					"DEBUG=1",
					"$(inherited)",
				);
				GCC_WARN_64_TO_32_BIT_CONVERSION = YES;
				GCC_WARN_ABOUT_RETURN_TYPE = YES_ERROR;
				GCC_WARN_UNDECLARED_SELECTOR = YES;
				GCC_WARN_UNINITIALIZED_AUTOS = YES_AGGRESSIVE;
				GCC_WARN_UNUSED_FUNCTION = YES;
				GCC_WARN_UNUSED_VARIABLE = YES;
				IPHONEOS_DEPLOYMENT_TARGET = 11.4;
				MTL_ENABLE_DEBUG_INFO = YES;
				ONLY_ACTIVE_ARCH = YES;
				SDKROOT = iphoneos;
				SWIFT_ACTIVE_COMPILATION_CONDITIONS = DEBUG;
				SWIFT_OPTIMIZATION_LEVEL = "-Onone";
			};
			name = Debug;
		};
		15E6AA0A23A77B63003BA0C6 /* Release */ = {
			isa = XCBuildConfiguration;
			buildSettings = {
				ALWAYS_SEARCH_USER_PATHS = NO;
				CLANG_ANALYZER_NONNULL = YES;
				CLANG_ANALYZER_NUMBER_OBJECT_CONVERSION = YES_AGGRESSIVE;
				CLANG_CXX_LANGUAGE_STANDARD = "gnu++14";
				CLANG_CXX_LIBRARY = "libc++";
				CLANG_ENABLE_MODULES = YES;
				CLANG_ENABLE_OBJC_ARC = YES;
				CLANG_ENABLE_OBJC_WEAK = YES;
				CLANG_WARN_BLOCK_CAPTURE_AUTORELEASING = YES;
				CLANG_WARN_BOOL_CONVERSION = YES;
				CLANG_WARN_COMMA = YES;
				CLANG_WARN_CONSTANT_CONVERSION = YES;
				CLANG_WARN_DEPRECATED_OBJC_IMPLEMENTATIONS = YES;
				CLANG_WARN_DIRECT_OBJC_ISA_USAGE = YES_ERROR;
				CLANG_WARN_DOCUMENTATION_COMMENTS = YES;
				CLANG_WARN_EMPTY_BODY = YES;
				CLANG_WARN_ENUM_CONVERSION = YES;
				CLANG_WARN_INFINITE_RECURSION = YES;
				CLANG_WARN_INT_CONVERSION = YES;
				CLANG_WARN_NON_LITERAL_NULL_CONVERSION = YES;
				CLANG_WARN_OBJC_IMPLICIT_RETAIN_SELF = YES;
				CLANG_WARN_OBJC_LITERAL_CONVERSION = YES;
				CLANG_WARN_OBJC_ROOT_CLASS = YES_ERROR;
				CLANG_WARN_RANGE_LOOP_ANALYSIS = YES;
				CLANG_WARN_STRICT_PROTOTYPES = YES;
				CLANG_WARN_SUSPICIOUS_MOVE = YES;
				CLANG_WARN_UNGUARDED_AVAILABILITY = YES_AGGRESSIVE;
				CLANG_WARN_UNREACHABLE_CODE = YES;
				CLANG_WARN__DUPLICATE_METHOD_MATCH = YES;
				CODE_SIGN_IDENTITY = "iPhone Developer";
				COPY_PHASE_STRIP = NO;
				DEBUG_INFORMATION_FORMAT = "dwarf-with-dsym";
				ENABLE_NS_ASSERTIONS = NO;
				ENABLE_STRICT_OBJC_MSGSEND = YES;
				GCC_C_LANGUAGE_STANDARD = gnu11;
				GCC_NO_COMMON_BLOCKS = YES;
				GCC_WARN_64_TO_32_BIT_CONVERSION = YES;
				GCC_WARN_ABOUT_RETURN_TYPE = YES_ERROR;
				GCC_WARN_UNDECLARED_SELECTOR = YES;
				GCC_WARN_UNINITIALIZED_AUTOS = YES_AGGRESSIVE;
				GCC_WARN_UNUSED_FUNCTION = YES;
				GCC_WARN_UNUSED_VARIABLE = YES;
				IPHONEOS_DEPLOYMENT_TARGET = 11.4;
				MTL_ENABLE_DEBUG_INFO = NO;
				SDKROOT = iphoneos;
				SWIFT_COMPILATION_MODE = wholemodule;
				SWIFT_OPTIMIZATION_LEVEL = "-O";
				VALIDATE_PRODUCT = YES;
			};
			name = Release;
		};
		15E6AA0C23A77B63003BA0C6 /* Debug */ = {
			isa = XCBuildConfiguration;
			baseConfigurationReference = D225D9F4AFE2F353C59F5470 /* Pods-MyChat.debug.xcconfig */;
			buildSettings = {
				ASSETCATALOG_COMPILER_APPICON_NAME = AppIcon;
				CODE_SIGN_STYLE = Automatic;
				INFOPLIST_FILE = MyChat/Info.plist;
				LD_RUNPATH_SEARCH_PATHS = (
					"$(inherited)",
					"@executable_path/Frameworks",
				);
				PRODUCT_BUNDLE_IDENTIFIER = dwi.MyChat;
				PRODUCT_NAME = "$(TARGET_NAME)";
				SWIFT_VERSION = 4.0;
				TARGETED_DEVICE_FAMILY = "1,2";
			};
			name = Debug;
		};
		15E6AA0D23A77B63003BA0C6 /* Release */ = {
			isa = XCBuildConfiguration;
			baseConfigurationReference = 21123132ACEFC85D582202F2 /* Pods-MyChat.release.xcconfig */;
			buildSettings = {
				ASSETCATALOG_COMPILER_APPICON_NAME = AppIcon;
				CODE_SIGN_STYLE = Automatic;
				INFOPLIST_FILE = MyChat/Info.plist;
				LD_RUNPATH_SEARCH_PATHS = (
					"$(inherited)",
					"@executable_path/Frameworks",
				);
				PRODUCT_BUNDLE_IDENTIFIER = dwi.MyChat;
				PRODUCT_NAME = "$(TARGET_NAME)";
				SWIFT_VERSION = 4.0;
				TARGETED_DEVICE_FAMILY = "1,2";
			};
			name = Release;
		};
		15E6AA0F23A77B63003BA0C6 /* Debug */ = {
			isa = XCBuildConfiguration;
			buildSettings = {
				ALWAYS_EMBED_SWIFT_STANDARD_LIBRARIES = YES;
				BUNDLE_LOADER = "$(TEST_HOST)";
				CODE_SIGN_STYLE = Automatic;
				INFOPLIST_FILE = MyChatTests/Info.plist;
				LD_RUNPATH_SEARCH_PATHS = (
					"$(inherited)",
					"@executable_path/Frameworks",
					"@loader_path/Frameworks",
				);
				PRODUCT_BUNDLE_IDENTIFIER = dwi.MyChatTests;
				PRODUCT_NAME = "$(TARGET_NAME)";
				SWIFT_VERSION = 4.0;
				TARGETED_DEVICE_FAMILY = "1,2";
				TEST_HOST = "$(BUILT_PRODUCTS_DIR)/MyChat.app/MyChat";
			};
			name = Debug;
		};
		15E6AA1023A77B63003BA0C6 /* Release */ = {
			isa = XCBuildConfiguration;
			buildSettings = {
				ALWAYS_EMBED_SWIFT_STANDARD_LIBRARIES = YES;
				BUNDLE_LOADER = "$(TEST_HOST)";
				CODE_SIGN_STYLE = Automatic;
				INFOPLIST_FILE = MyChatTests/Info.plist;
				LD_RUNPATH_SEARCH_PATHS = (
					"$(inherited)",
					"@executable_path/Frameworks",
					"@loader_path/Frameworks",
				);
				PRODUCT_BUNDLE_IDENTIFIER = dwi.MyChatTests;
				PRODUCT_NAME = "$(TARGET_NAME)";
				SWIFT_VERSION = 4.0;
				TARGETED_DEVICE_FAMILY = "1,2";
				TEST_HOST = "$(BUILT_PRODUCTS_DIR)/MyChat.app/MyChat";
			};
			name = Release;
		};
		15E6AA1223A77B63003BA0C6 /* Debug */ = {
			isa = XCBuildConfiguration;
			buildSettings = {
				ALWAYS_EMBED_SWIFT_STANDARD_LIBRARIES = YES;
				CODE_SIGN_STYLE = Automatic;
				INFOPLIST_FILE = MyChatUITests/Info.plist;
				LD_RUNPATH_SEARCH_PATHS = (
					"$(inherited)",
					"@executable_path/Frameworks",
					"@loader_path/Frameworks",
				);
				PRODUCT_BUNDLE_IDENTIFIER = dwi.MyChatUITests;
				PRODUCT_NAME = "$(TARGET_NAME)";
				SWIFT_VERSION = 4.0;
				TARGETED_DEVICE_FAMILY = "1,2";
				TEST_TARGET_NAME = MyChat;
			};
			name = Debug;
		};
		15E6AA1323A77B63003BA0C6 /* Release */ = {
			isa = XCBuildConfiguration;
			buildSettings = {
				ALWAYS_EMBED_SWIFT_STANDARD_LIBRARIES = YES;
				CODE_SIGN_STYLE = Automatic;
				INFOPLIST_FILE = MyChatUITests/Info.plist;
				LD_RUNPATH_SEARCH_PATHS = (
					"$(inherited)",
					"@executable_path/Frameworks",
					"@loader_path/Frameworks",
				);
				PRODUCT_BUNDLE_IDENTIFIER = dwi.MyChatUITests;
				PRODUCT_NAME = "$(TARGET_NAME)";
				SWIFT_VERSION = 4.0;
				TARGETED_DEVICE_FAMILY = "1,2";
				TEST_TARGET_NAME = MyChat;
			};
			name = Release;
		};
/* End XCBuildConfiguration section */

/* Begin XCConfigurationList section */
		15E6A9DE23A77B62003BA0C6 /* Build configuration list for PBXProject "MyChat" */ = {
			isa = XCConfigurationList;
			buildConfigurations = (
				15E6AA0923A77B63003BA0C6 /* Debug */,
				15E6AA0A23A77B63003BA0C6 /* Release */,
			);
			defaultConfigurationIsVisible = 0;
			defaultConfigurationName = Release;
		};
		15E6AA0B23A77B63003BA0C6 /* Build configuration list for PBXNativeTarget "MyChat" */ = {
			isa = XCConfigurationList;
			buildConfigurations = (
				15E6AA0C23A77B63003BA0C6 /* Debug */,
				15E6AA0D23A77B63003BA0C6 /* Release */,
			);
			defaultConfigurationIsVisible = 0;
			defaultConfigurationName = Release;
		};
		15E6AA0E23A77B63003BA0C6 /* Build configuration list for PBXNativeTarget "MyChatTests" */ = {
			isa = XCConfigurationList;
			buildConfigurations = (
				15E6AA0F23A77B63003BA0C6 /* Debug */,
				15E6AA1023A77B63003BA0C6 /* Release */,
			);
			defaultConfigurationIsVisible = 0;
			defaultConfigurationName = Release;
		};
		15E6AA1123A77B63003BA0C6 /* Build configuration list for PBXNativeTarget "MyChatUITests" */ = {
			isa = XCConfigurationList;
			buildConfigurations = (
				15E6AA1223A77B63003BA0C6 /* Debug */,
				15E6AA1323A77B63003BA0C6 /* Release */,
			);
			defaultConfigurationIsVisible = 0;
			defaultConfigurationName = Release;
		};
/* End XCConfigurationList section */
	};
	rootObject = 15E6A9DB23A77B62003BA0C6 /* Project object */;
}
